
Microsoft Visual Studio Solution File, Format Version 12.00
# Visual Studio 14
VisualStudioVersion = 14.0.25420.1
MinimumVisualStudioVersion = 10.0.40219.1
Project("{FAE04EC0-301F-11D3-BF4B-00C04F79EFBC}") = "Angular2demo", "Angular2demo\Angular2demo.csproj", "{E2332575-A9B3-4F34-824E-93D2B4B5E4BC}"
EndProject
Project("{FAE04EC0-301F-11D3-BF4B-00C04F79EFBC}") = "AngularDemo", "AngularDemo\AngularDemo.csproj", "{52D52624-7A55-4CB9-9782-D6F18D77A9F7}"
EndProject
Global
	GlobalSection(SolutionConfigurationPlatforms) = preSolution
		Debug|Any CPU = Debug|Any CPU
		Release|Any CPU = Release|Any CPU
	EndGlobalSection
	GlobalSection(ProjectConfigurationPlatforms) = postSolution
		{E2332575-A9B3-4F34-824E-93D2B4B5E4BC}.Debug|Any CPU.ActiveCfg = Debug|Any CPU
		{E2332575-A9B3-4F34-824E-93D2B4B5E4BC}.Debug|Any CPU.Build.0 = Debug|Any CPU
		{E2332575-A9B3-4F34-824E-93D2B4B5E4BC}.Release|Any CPU.ActiveCfg = Release|Any CPU
		{E2332575-A9B3-4F34-824E-93D2B4B5E4BC}.Release|Any CPU.Build.0 = Release|Any CPU
		{52D52624-7A55-4CB9-9782-D6F18D77A9F7}.Debug|Any CPU.ActiveCfg = Debug|Any CPU
		{52D52624-7A55-4CB9-9782-D6F18D77A9F7}.Debug|Any CPU.Build.0 = Debug|Any CPU
		{52D52624-7A55-4CB9-9782-D6F18D77A9F7}.Release|Any CPU.ActiveCfg = Release|Any CPU
		{52D52624-7A55-4CB9-9782-D6F18D77A9F7}.Release|Any CPU.Build.0 = Release|Any CPU
	EndGlobalSection
	GlobalSection(SolutionProperties) = preSolution
		HideSolutionNode = FALSE
	EndGlobalSection
EndGlobal
